Microsoft Visual Studio Solution File, Format Version 12.00
# Visual Studio Version 17
VisualStudioVersion = 17.13.35919.96
MinimumVisualStudioVersion = 16.0.0.0
Project("{9A19103F-16F7-4668-BE54-9A1E7A4F7556}") = "ShopPlatform.Server", "Server\ShopPlatform.Server.csproj", "{1AF05DC5-74EB-4339-A488-5792E07EA1C3}"
EndProject
Project("{9A19103F-16F7-4668-BE54-9A1E7A4F7556}") = "ShopPlatform.Client", "Client\ShopPlatform.Client.csproj", "{054FAFF2-83FF-49D8-8377-1547B8388323}"
EndProject
Project("{9A19103F-16F7-4668-BE54-9A1E7A4F7556}") = "ShopPlatform.Shared", "Shared\ShopPlatform.Shared.csproj", "{2BF505E8-B0EB-4CE0-9E65-EEE38B979694}"
EndProject
Global
	GlobalSection(SolutionConfigurationPlatforms) = preSolution
		Debug|Any CPU = Debug|Any CPU
		Debug|x64 = Debug|x64
		Debug|x86 = Debug|x86
		Release|Any CPU = Release|Any CPU
		Release|x64 = Release|x64
		Release|x86 = Release|x86
	EndGlobalSection
	GlobalSection(ProjectConfigurationPlatforms) = postSolution
		{1AF05DC5-74EB-4339-A488-5792E07EA1C3}.Debug|Any CPU.ActiveCfg = Debug|Any CPU
		{1AF05DC5-74EB-4339-A488-5792E07EA1C3}.Debug|Any CPU.Build.0 = Debug|Any CPU
		{1AF05DC5-74EB-4339-A488-5792E07EA1C3}.Debug|x64.ActiveCfg = Debug|Any CPU
		{1AF05DC5-74EB-4339-A488-5792E07EA1C3}.Debug|x64.Build.0 = Debug|Any CPU
		{1AF05DC5-74EB-4339-A488-5792E07EA1C3}.Debug|x86.ActiveCfg = Debug|Any CPU
		{1AF05DC5-74EB-4339-A488-5792E07EA1C3}.Debug|x86.Build.0 = Debug|Any CPU
		{1AF05DC5-74EB-4339-A488-5792E07EA1C3}.Release|Any CPU.ActiveCfg = Release|Any CPU
		{1AF05DC5-74EB-4339-A488-5792E07EA1C3}.Release|Any CPU.Build.0 = Release|Any CPU
		{1AF05DC5-74EB-4339-A488-5792E07EA1C3}.Release|x64.ActiveCfg = Release|Any CPU
		{1AF05DC5-74EB-4339-A488-5792E07EA1C3}.Release|x64.Build.0 = Release|Any CPU
		{1AF05DC5-74EB-4339-A488-5792E07EA1C3}.Release|x86.ActiveCfg = Release|Any CPU
		{1AF05DC5-74EB-4339-A488-5792E07EA1C3}.Release|x86.Build.0 = Release|Any CPU
		{054FAFF2-83FF-49D8-8377-1547B8388323}.Debug|Any CPU.ActiveCfg = Debug|Any CPU
		{054FAFF2-83FF-49D8-8377-1547B8388323}.Debug|Any CPU.Build.0 = Debug|Any CPU
		{054FAFF2-83FF-49D8-8377-1547B8388323}.Debug|x64.ActiveCfg = Debug|Any CPU
		{054FAFF2-83FF-49D8-8377-1547B8388323}.Debug|x64.Build.0 = Debug|Any CPU
		{054FAFF2-83FF-49D8-8377-1547B8388323}.Debug|x86.ActiveCfg = Debug|Any CPU
		{054FAFF2-83FF-49D8-8377-1547B8388323}.Debug|x86.Build.0 = Debug|Any CPU
		{054FAFF2-83FF-49D8-8377-1547B8388323}.Release|Any CPU.ActiveCfg = Release|Any CPU
		{054FAFF2-83FF-49D8-8377-1547B8388323}.Release|Any CPU.Build.0 = Release|Any CPU
		{054FAFF2-83FF-49D8-8377-1547B8388323}.Release|x64.ActiveCfg = Release|Any CPU
		{054FAFF2-83FF-49D8-8377-1547B8388323}.Release|x64.Build.0 = Release|Any CPU
		{054FAFF2-83FF-49D8-8377-1547B8388323}.Release|x86.ActiveCfg = Release|Any CPU
		{054FAFF2-83FF-49D8-8377-1547B8388323}.Release|x86.Build.0 = Release|Any CPU
		{2BF505E8-B0EB-4CE0-9E65-EEE38B979694}.Debug|Any CPU.ActiveCfg = Debug|Any CPU
		{2BF505E8-B0EB-4CE0-9E65-EEE38B979694}.Debug|Any CPU.Build.0 = Debug|Any CPU
		{2BF505E8-B0EB-4CE0-9E65-EEE38B979694}.Debug|x64.ActiveCfg = Debug|Any CPU
		{2BF505E8-B0EB-4CE0-9E65-EEE38B979694}.Debug|x64.Build.0 = Debug|Any CPU
		{2BF505E8-B0EB-4CE0-9E65-EEE38B979694}.Debug|x86.ActiveCfg = Debug|Any CPU
		{2BF505E8-B0EB-4CE0-9E65-EEE38B979694}.Debug|x86.Build.0 = Debug|Any CPU
		{2BF505E8-B0EB-4CE0-9E65-EEE38B979694}.Release|Any CPU.ActiveCfg = Release|Any CPU
		{2BF505E8-B0EB-4CE0-9E65-EEE38B979694}.Release|Any CPU.Build.0 = Release|Any CPU
		{2BF505E8-B0EB-4CE0-9E65-EEE38B979694}.Release|x64.ActiveCfg = Release|Any CPU
		{2BF505E8-B0EB-4CE0-9E65-EEE38B979694}.Release|x64.Build.0 = Release|Any CPU
		{2BF505E8-B0EB-4CE0-9E65-EEE38B979694}.Release|x86.ActiveCfg = Release|Any CPU
		{2BF505E8-B0EB-4CE0-9E65-EEE38B979694}.Release|x86.Build.0 = Release|Any CPU
	EndGlobalSection
	GlobalSection(SolutionProperties) = preSolution
		HideSolutionNode = FALSE
	EndGlobalSection
	GlobalSection(ExtensibilityGlobals) = postSolution
		SolutionGuid = {67CB89F2-D7BE-46EF-B0B9-9F5D0D43D980}
	EndGlobalSection
EndGlobal
